// !$*UTF8*$!
{
	archiveVersion = 1;
	classes = {
	};
	objectVersion = 60;
	objects = {

/* Begin PBXBuildFile section */
		EF51FBB02C670BF200FE0A63 /* AirbnbClone_IOSApp.swift in Sources */ = {isa = PBXBuildFile; fileRef = EF51FBAF2C670BF200FE0A63 /* AirbnbClone_IOSApp.swift */; };
		EF51FBB22C670BF200FE0A63 /* ContentView.swift in Sources */ = {isa = PBXBuildFile; fileRef = EF51FBB12C670BF200FE0A63 /* ContentView.swift */; };
		EF51FBB42C670BF300FE0A63 /* Assets.xcassets in Resources */ = {isa = PBXBuildFile; fileRef = EF51FBB32C670BF300FE0A63 /* Assets.xcassets */; };
		EF51FBB72C670BF300FE0A63 /* Preview Assets.xcassets in Resources */ = {isa = PBXBuildFile; fileRef = EF51FBB62C670BF300FE0A63 /* Preview Assets.xcassets */; };
		EF51FBC72C67130200FE0A63 /* ListingListViewModel.swift in Sources */ = {isa = PBXBuildFile; fileRef = EF51FBC62C6712FB00FE0A63 /* ListingListViewModel.swift */; };
		EF51FBC92C67131400FE0A63 /* ListingItem.swift in Sources */ = {isa = PBXBuildFile; fileRef = EF51FBC82C67131400FE0A63 /* ListingItem.swift */; };
		EF51FBCC2C67B9B800FE0A63 /* ListingModel.swift in Sources */ = {isa = PBXBuildFile; fileRef = EF51FBCB2C67B9B400FE0A63 /* ListingModel.swift */; };
		EF51FBD42C6801E600FE0A63 /* TAB_677.json in Resources */ = {isa = PBXBuildFile; fileRef = EF51FBD32C6801E100FE0A63 /* TAB_677.json */; };
		EF51FBD62C68130900FE0A63 /* MockListing.swift in Sources */ = {isa = PBXBuildFile; fileRef = EF51FBD52C6812F100FE0A63 /* MockListing.swift */; };
		EF51FBDA2C681CA600FE0A63 /* SearchBarAndFilters.swift in Sources */ = {isa = PBXBuildFile; fileRef = EF51FBD92C681CA600FE0A63 /* SearchBarAndFilters.swift */; };
		EF51FBDE2C681D5000FE0A63 /* Explore.swift in Sources */ = {isa = PBXBuildFile; fileRef = EF51FBDD2C681D5000FE0A63 /* Explore.swift */; };
		EF51FBE32C69443E00FE0A63 /* NetworkManager.swift in Sources */ = {isa = PBXBuildFile; fileRef = EF51FBE22C69443500FE0A63 /* NetworkManager.swift */; };
		EF51FBE52C694AE800FE0A63 /* AlertItem.swift in Sources */ = {isa = PBXBuildFile; fileRef = EF51FBE42C694AE500FE0A63 /* AlertItem.swift */; };
		EF51FBE82C696FD800FE0A63 /* ListingList.swift in Sources */ = {isa = PBXBuildFile; fileRef = EF51FBE72C696FD800FE0A63 /* ListingList.swift */; };
		EF51FBEA2C69709500FE0A63 /* ListingItemLoading.swift in Sources */ = {isa = PBXBuildFile; fileRef = EF51FBE92C69709500FE0A63 /* ListingItemLoading.swift */; };
/* End PBXBuildFile section */

/* Begin PBXFileReference section */
		EF51FBAC2C670BF200FE0A63 /* AirbnbClone-IOS.app */ = {isa = PBXFileReference; explicitFileType = wrapper.application; includeInIndex = 0; path = "AirbnbClone-IOS.app"; sourceTree = BUILT_PRODUCTS_DIR; };
		EF51FBAF2C670BF200FE0A63 /* AirbnbClone_IOSApp.swift */ = {isa = PBXFileReference; lastKnownFileType = sourcecode.swift; path = AirbnbClone_IOSApp.swift; sourceTree = "<group>"; };
		EF51FBB12C670BF200FE0A63 /* ContentView.swift */ = {isa = PBXFileReference; lastKnownFileType = sourcecode.swift; path = ContentView.swift; sourceTree = "<group>"; };
		EF51FBB32C670BF300FE0A63 /* Assets.xcassets */ = {isa = PBXFileReference; lastKnownFileType = folder.assetcatalog; path = Assets.xcassets; sourceTree = "<group>"; };
		EF51FBB62C670BF300FE0A63 /* Preview Assets.xcassets */ = {isa = PBXFileReference; lastKnownFileType = folder.assetcatalog; path = "Preview Assets.xcassets"; sourceTree = "<group>"; };
		EF51FBC62C6712FB00FE0A63 /* ListingListViewModel.swift */ = {isa = PBXFileReference; lastKnownFileType = sourcecode.swift; path = ListingListViewModel.swift; sourceTree = "<group>"; };
		EF51FBC82C67131400FE0A63 /* ListingItem.swift */ = {isa = PBXFileReference; lastKnownFileType = sourcecode.swift; path = ListingItem.swift; sourceTree = "<group>"; };
		EF51FBCB2C67B9B400FE0A63 /* ListingModel.swift */ = {isa = PBXFileReference; lastKnownFileType = sourcecode.swift; path = ListingModel.swift; sourceTree = "<group>"; };
		EF51FBD32C6801E100FE0A63 /* TAB_677.json */ = {isa = PBXFileReference; lastKnownFileType = text.json; path = TAB_677.json; sourceTree = "<group>"; };
		EF51FBD52C6812F100FE0A63 /* MockListing.swift */ = {isa = PBXFileReference; lastKnownFileType = sourcecode.swift; path = MockListing.swift; sourceTree = "<group>"; };
		EF51FBD92C681CA600FE0A63 /* SearchBarAndFilters.swift */ = {isa = PBXFileReference; lastKnownFileType = sourcecode.swift; path = SearchBarAndFilters.swift; sourceTree = "<group>"; };
		EF51FBDD2C681D5000FE0A63 /* Explore.swift */ = {isa = PBXFileReference; lastKnownFileType = sourcecode.swift; path = Explore.swift; sourceTree = "<group>"; };
		EF51FBE22C69443500FE0A63 /* NetworkManager.swift */ = {isa = PBXFileReference; lastKnownFileType = sourcecode.swift; path = NetworkManager.swift; sourceTree = "<group>"; };
		EF51FBE42C694AE500FE0A63 /* AlertItem.swift */ = {isa = PBXFileReference; lastKnownFileType = sourcecode.swift; path = AlertItem.swift; sourceTree = "<group>"; };
		EF51FBE72C696FD800FE0A63 /* ListingList.swift */ = {isa = PBXFileReference; lastKnownFileType = sourcecode.swift; path = ListingList.swift; sourceTree = "<group>"; };
		EF51FBE92C69709500FE0A63 /* ListingItemLoading.swift */ = {isa = PBXFileReference; lastKnownFileType = sourcecode.swift; path = ListingItemLoading.swift; sourceTree = "<group>"; };
/* End PBXFileReference section */

/* Begin PBXFrameworksBuildPhase section */
		EF51FBA92C670BF200FE0A63 /* Frameworks */ = {
			isa = PBXFrameworksBuildPhase;
			buildActionMask = 2147483647;
			files = (
			);
			runOnlyForDeploymentPostprocessing = 0;
		};
/* End PBXFrameworksBuildPhase section */

/* Begin PBXGroup section */
		EF51FBA32C670BF200FE0A63 = {
			isa = PBXGroup;
			children = (
				EF51FBAE2C670BF200FE0A63 /* AirbnbClone-IOS */,
				EF51FBAD2C670BF200FE0A63 /* Products */,
			);
			sourceTree = "<group>";
		};
		EF51FBAD2C670BF200FE0A63 /* Products */ = {
			isa = PBXGroup;
			children = (
				EF51FBAC2C670BF200FE0A63 /* AirbnbClone-IOS.app */,
			);
			name = Products;
			sourceTree = "<group>";
		};
		EF51FBAE2C670BF200FE0A63 /* AirbnbClone-IOS */ = {
			isa = PBXGroup;
			children = (
				EF51FBE12C69442F00FE0A63 /* Services */,
				EF51FBC12C67126A00FE0A63 /* App */,
				EF51FBB32C670BF300FE0A63 /* Assets.xcassets */,
				EF51FBB12C670BF200FE0A63 /* ContentView.swift */,
				EF51FBBF2C6711EB00FE0A63 /* Core */,
				EF51FBB52C670BF300FE0A63 /* Preview Content */,
				EF51FBBD2C67105200FE0A63 /* Resourses */,
				EF51FBBE2C67106F00FE0A63 /* Shared */,
				EF51FBC02C67125C00FE0A63 /* Utils */,
			);
			path = "AirbnbClone-IOS";
			sourceTree = "<group>";
		};
		EF51FBB52C670BF300FE0A63 /* Preview Content */ = {
			isa = PBXGroup;
			children = (
				EF51FBB62C670BF300FE0A63 /* Preview Assets.xcassets */,
			);
			path = "Preview Content";
			sourceTree = "<group>";
		};
		EF51FBBD2C67105200FE0A63 /* Resourses */ = {
			isa = PBXGroup;
			children = (
				EF51FBCF2C68018800FE0A63 /* MockData */,
			);
			path = Resourses;
			sourceTree = "<group>";
		};
		EF51FBBE2C67106F00FE0A63 /* Shared */ = {
			isa = PBXGroup;
			children = (
			);
			path = Shared;
			sourceTree = "<group>";
		};
		EF51FBBF2C6711EB00FE0A63 /* Core */ = {
			isa = PBXGroup;
			children = (
				EF51FBDF2C68820B00FE0A63 /* Category */,
				EF51FBD72C681C6900FE0A63 /* Explore */,
				EF51FBC22C6712DD00FE0A63 /* Listing */,
			);
			path = Core;
			sourceTree = "<group>";
		};
		EF51FBC02C67125C00FE0A63 /* Utils */ = {
			isa = PBXGroup;
			children = (
				EF51FBE42C694AE500FE0A63 /* AlertItem.swift */,
			);
			path = Utils;
			sourceTree = "<group>";
		};
		EF51FBC12C67126A00FE0A63 /* App */ = {
			isa = PBXGroup;
			children = (
				EF51FBAF2C670BF200FE0A63 /* AirbnbClone_IOSApp.swift */,
			);
			path = App;
			sourceTree = "<group>";
		};
		EF51FBC22C6712DD00FE0A63 /* Listing */ = {
			isa = PBXGroup;
			children = (
				EF51FBC52C6712F300FE0A63 /* ViewModel */,
				EF51FBC42C6712EE00FE0A63 /* View */,
				EF51FBC32C6712E900FE0A63 /* Model */,
			);
			path = Listing;
			sourceTree = "<group>";
		};
		EF51FBC32C6712E900FE0A63 /* Model */ = {
			isa = PBXGroup;
			children = (
				EF51FBCB2C67B9B400FE0A63 /* ListingModel.swift */,
			);
			path = Model;
			sourceTree = "<group>";
		};
		EF51FBC42C6712EE00FE0A63 /* View */ = {
			isa = PBXGroup;
			children = (
				EF51FBC82C67131400FE0A63 /* ListingItem.swift */,
				EF51FBE72C696FD800FE0A63 /* ListingList.swift */,
				EF51FBE92C69709500FE0A63 /* ListingItemLoading.swift */,
			);
			path = View;
			sourceTree = "<group>";
		};
		EF51FBC52C6712F300FE0A63 /* ViewModel */ = {
			isa = PBXGroup;
			children = (
				EF51FBC62C6712FB00FE0A63 /* ListingListViewModel.swift */,
			);
			path = ViewModel;
			sourceTree = "<group>";
		};
		EF51FBCF2C68018800FE0A63 /* MockData */ = {
			isa = PBXGroup;
			children = (
				EF51FBD32C6801E100FE0A63 /* TAB_677.json */,
				EF51FBD52C6812F100FE0A63 /* MockListing.swift */,
			);
			path = MockData;
			sourceTree = "<group>";
		};
		EF51FBD72C681C6900FE0A63 /* Explore */ = {
			isa = PBXGroup;
			children = (
				EF51FBDB2C681D3800FE0A63 /* View */,
				EF51FBD82C681C7800FE0A63 /* SearchBarAndFilters */,
			);
			path = Explore;
			sourceTree = "<group>";
		};
		EF51FBD82C681C7800FE0A63 /* SearchBarAndFilters */ = {
			isa = PBXGroup;
			children = (
				EF51FBD92C681CA600FE0A63 /* SearchBarAndFilters.swift */,
			);
			path = SearchBarAndFilters;
			sourceTree = "<group>";
		};
		EF51FBDB2C681D3800FE0A63 /* View */ = {
			isa = PBXGroup;
			children = (
				EF51FBDD2C681D5000FE0A63 /* Explore.swift */,
			);
			path = View;
			sourceTree = "<group>";
		};
		EF51FBDF2C68820B00FE0A63 /* Category */ = {
			isa = PBXGroup;
			children = (
				EF51FBE02C68822900FE0A63 /* Controller */,
			);
			path = Category;
			sourceTree = "<group>";
		};
		EF51FBE02C68822900FE0A63 /* Controller */ = {
			isa = PBXGroup;
			children = (
			);
			path = Controller;
			sourceTree = "<group>";
		};
		EF51FBE12C69442F00FE0A63 /* Services */ = {
			isa = PBXGroup;
			children = (
				EF51FBE22C69443500FE0A63 /* NetworkManager.swift */,
			);
			path = Services;
			sourceTree = "<group>";
		};
/* End PBXGroup section */

/* Begin PBXNativeTarget section */
		EF51FBAB2C670BF200FE0A63 /* AirbnbClone-IOS */ = {
			isa = PBXNativeTarget;
			buildConfigurationList = EF51FBBA2C670BF300FE0A63 /* Build configuration list for PBXNativeTarget "AirbnbClone-IOS" */;
			buildPhases = (
				EF51FBA82C670BF200FE0A63 /* Sources */,
				EF51FBA92C670BF200FE0A63 /* Frameworks */,
				EF51FBAA2C670BF200FE0A63 /* Resources */,
			);
			buildRules = (
			);
			dependencies = (
			);
			name = "AirbnbClone-IOS";
			productName = "AirbnbClone-IOS";
			productReference = EF51FBAC2C670BF200FE0A63 /* AirbnbClone-IOS.app */;
			productType = "com.apple.product-type.application";
		};
/* End PBXNativeTarget section */

/* Begin PBXProject section */
		EF51FBA42C670BF200FE0A63 /* Project object */ = {
			isa = PBXProject;
			attributes = {
				BuildIndependentTargetsInParallel = 1;
				LastSwiftUpdateCheck = 1600;
				LastUpgradeCheck = 1600;
				TargetAttributes = {
					EF51FBAB2C670BF200FE0A63 = {
						CreatedOnToolsVersion = 16.0;
					};
				};
			};
			buildConfigurationList = EF51FBA72C670BF200FE0A63 /* Build configuration list for PBXProject "AirbnbClone-IOS" */;
			compatibilityVersion = "Xcode 15.0";
			developmentRegion = en;
			hasScannedForEncodings = 0;
			knownRegions = (
				en,
				Base,
			);
			mainGroup = EF51FBA32C670BF200FE0A63;
			productRefGroup = EF51FBAD2C670BF200FE0A63 /* Products */;
			projectDirPath = "";
			projectRoot = "";
			targets = (
				EF51FBAB2C670BF200FE0A63 /* AirbnbClone-IOS */,
			);
		};
/* End PBXProject section */

/* Begin PBXResourcesBuildPhase section */
		EF51FBAA2C670BF200FE0A63 /* Resources */ = {
			isa = PBXResourcesBuildPhase;
			buildActionMask = 2147483647;
			files = (
				EF51FBB72C670BF300FE0A63 /* Preview Assets.xcassets in Resources */,
				EF51FBD42C6801E600FE0A63 /* TAB_677.json in Resources */,
				EF51FBB42C670BF300FE0A63 /* Assets.xcassets in Resources */,
			);
			runOnlyForDeploymentPostprocessing = 0;
		};
/* End PBXResourcesBuildPhase section */

/* Begin PBXSourcesBuildPhase section */
		EF51FBA82C670BF200FE0A63 /* Sources */ = {
			isa = PBXSourcesBuildPhase;
			buildActionMask = 2147483647;
			files = (
				EF51FBE32C69443E00FE0A63 /* NetworkManager.swift in Sources */,
				EF51FBB22C670BF200FE0A63 /* ContentView.swift in Sources */,
				EF51FBC92C67131400FE0A63 /* ListingItem.swift in Sources */,
				EF51FBE52C694AE800FE0A63 /* AlertItem.swift in Sources */,
				EF51FBC72C67130200FE0A63 /* ListingListViewModel.swift in Sources */,
				EF51FBB02C670BF200FE0A63 /* AirbnbClone_IOSApp.swift in Sources */,
				EF51FBEA2C69709500FE0A63 /* ListingItemLoading.swift in Sources */,
				EF51FBD62C68130900FE0A63 /* MockListing.swift in Sources */,
				EF51FBCC2C67B9B800FE0A63 /* ListingModel.swift in Sources */,
				EF51FBDA2C681CA600FE0A63 /* SearchBarAndFilters.swift in Sources */,
				EF51FBDE2C681D5000FE0A63 /* Explore.swift in Sources */,
				EF51FBE82C696FD800FE0A63 /* ListingList.swift in Sources */,
			);
			runOnlyForDeploymentPostprocessing = 0;
		};
/* End PBXSourcesBuildPhase section */

/* Begin XCBuildConfiguration section */
		EF51FBB82C670BF300FE0A63 /* Debug */ = {
			isa = XCBuildConfiguration;
			buildSettings = {
				ALWAYS_SEARCH_USER_PATHS = NO;
				ASSETCATALOG_COMPILER_GENERATE_SWIFT_ASSET_SYMBOL_EXTENSIONS = YES;
				CLANG_ANALYZER_NONNULL = YES;
				CLANG_ANALYZER_NUMBER_OBJECT_CONVERSION = YES_AGGRESSIVE;
				CLANG_CXX_LANGUAGE_STANDARD = "gnu++20";
				CLANG_ENABLE_MODULES = YES;
				CLANG_ENABLE_OBJC_ARC = YES;
				CLANG_ENABLE_OBJC_WEAK = YES;
				CLANG_WARN_BLOCK_CAPTURE_AUTORELEASING = YES;
				CLANG_WARN_BOOL_CONVERSION = YES;
				CLANG_WARN_COMMA = YES;
				CLANG_WARN_CONSTANT_CONVERSION = YES;
				CLANG_WARN_DEPRECATED_OBJC_IMPLEMENTATIONS = YES;
				CLANG_WARN_DIRECT_OBJC_ISA_USAGE = YES_ERROR;
				CLANG_WARN_DOCUMENTATION_COMMENTS = YES;
				CLANG_WARN_EMPTY_BODY = YES;
				CLANG_WARN_ENUM_CONVERSION = YES;
				CLANG_WARN_INFINITE_RECURSION = YES;
				CLANG_WARN_INT_CONVERSION = YES;
				CLANG_WARN_NON_LITERAL_NULL_CONVERSION = YES;
				CLANG_WARN_OBJC_IMPLICIT_RETAIN_SELF = YES;
				CLANG_WARN_OBJC_LITERAL_CONVERSION = YES;
				CLANG_WARN_OBJC_ROOT_CLASS = YES_ERROR;
				CLANG_WARN_QUOTED_INCLUDE_IN_FRAMEWORK_HEADER = YES;
				CLANG_WARN_RANGE_LOOP_ANALYSIS = YES;
				CLANG_WARN_STRICT_PROTOTYPES = YES;
				CLANG_WARN_SUSPICIOUS_MOVE = YES;
				CLANG_WARN_UNGUARDED_AVAILABILITY = YES_AGGRESSIVE;
				CLANG_WARN_UNREACHABLE_CODE = YES;
				CLANG_WARN__DUPLICATE_METHOD_MATCH = YES;
				COPY_PHASE_STRIP = NO;
				DEBUG_INFORMATION_FORMAT = dwarf;
				ENABLE_STRICT_OBJC_MSGSEND = YES;
				ENABLE_TESTABILITY = YES;
				ENABLE_USER_SCRIPT_SANDBOXING = YES;
				GCC_C_LANGUAGE_STANDARD = gnu17;
				GCC_DYNAMIC_NO_PIC = NO;
				GCC_NO_COMMON_BLOCKS = YES;
				GCC_OPTIMIZATION_LEVEL = 0;
				GCC_PREPROCESSOR_DEFINITIONS = (
					"DEBUG=1",
					"$(inherited)",
				);
				GCC_WARN_64_TO_32_BIT_CONVERSION = YES;
				GCC_WARN_ABOUT_RETURN_TYPE = YES_ERROR;
				GCC_WARN_UNDECLARED_SELECTOR = YES;
				GCC_WARN_UNINITIALIZED_AUTOS = YES_AGGRESSIVE;
				GCC_WARN_UNUSED_FUNCTION = YES;
				GCC_WARN_UNUSED_VARIABLE = YES;
				IPHONEOS_DEPLOYMENT_TARGET = 18.0;
				LOCALIZATION_PREFERS_STRING_CATALOGS = YES;
				MTL_ENABLE_DEBUG_INFO = INCLUDE_SOURCE;
				MTL_FAST_MATH = YES;
				ONLY_ACTIVE_ARCH = YES;
				SDKROOT = iphoneos;
				SWIFT_ACTIVE_COMPILATION_CONDITIONS = "DEBUG $(inherited)";
				SWIFT_OPTIMIZATION_LEVEL = "-Onone";
			};
			name = Debug;
		};
		EF51FBB92C670BF300FE0A63 /* Release */ = {
			isa = XCBuildConfiguration;
			buildSettings = {
				ALWAYS_SEARCH_USER_PATHS = NO;
				ASSETCATALOG_COMPILER_GENERATE_SWIFT_ASSET_SYMBOL_EXTENSIONS = YES;
				CLANG_ANALYZER_NONNULL = YES;
				CLANG_ANALYZER_NUMBER_OBJECT_CONVERSION = YES_AGGRESSIVE;
				CLANG_CXX_LANGUAGE_STANDARD = "gnu++20";
				CLANG_ENABLE_MODULES = YES;
				CLANG_ENABLE_OBJC_ARC = YES;
				CLANG_ENABLE_OBJC_WEAK = YES;
				CLANG_WARN_BLOCK_CAPTURE_AUTORELEASING = YES;
				CLANG_WARN_BOOL_CONVERSION = YES;
				CLANG_WARN_COMMA = YES;
				CLANG_WARN_CONSTANT_CONVERSION = YES;
				CLANG_WARN_DEPRECATED_OBJC_IMPLEMENTATIONS = YES;
				CLANG_WARN_DIRECT_OBJC_ISA_USAGE = YES_ERROR;
				CLANG_WARN_DOCUMENTATION_COMMENTS = YES;
				CLANG_WARN_EMPTY_BODY = YES;
				CLANG_WARN_ENUM_CONVERSION = YES;
				CLANG_WARN_INFINITE_RECURSION = YES;
				CLANG_WARN_INT_CONVERSION = YES;
				CLANG_WARN_NON_LITERAL_NULL_CONVERSION = YES;
				CLANG_WARN_OBJC_IMPLICIT_RETAIN_SELF = YES;
				CLANG_WARN_OBJC_LITERAL_CONVERSION = YES;
				CLANG_WARN_OBJC_ROOT_CLASS = YES_ERROR;
				CLANG_WARN_QUOTED_INCLUDE_IN_FRAMEWORK_HEADER = YES;
				CLANG_WARN_RANGE_LOOP_ANALYSIS = YES;
				CLANG_WARN_STRICT_PROTOTYPES = YES;
				CLANG_WARN_SUSPICIOUS_MOVE = YES;
				CLANG_WARN_UNGUARDED_AVAILABILITY = YES_AGGRESSIVE;
				CLANG_WARN_UNREACHABLE_CODE = YES;
				CLANG_WARN__DUPLICATE_METHOD_MATCH = YES;
				COPY_PHASE_STRIP = NO;
				DEBUG_INFORMATION_FORMAT = "dwarf-with-dsym";
				ENABLE_NS_ASSERTIONS = NO;
				ENABLE_STRICT_OBJC_MSGSEND = YES;
				ENABLE_USER_SCRIPT_SANDBOXING = YES;
				GCC_C_LANGUAGE_STANDARD = gnu17;
				GCC_NO_COMMON_BLOCKS = YES;
				GCC_WARN_64_TO_32_BIT_CONVERSION = YES;
				GCC_WARN_ABOUT_RETURN_TYPE = YES_ERROR;
				GCC_WARN_UNDECLARED_SELECTOR = YES;
				GCC_WARN_UNINITIALIZED_AUTOS = YES_AGGRESSIVE;
				GCC_WARN_UNUSED_FUNCTION = YES;
				GCC_WARN_UNUSED_VARIABLE = YES;
				IPHONEOS_DEPLOYMENT_TARGET = 18.0;
				LOCALIZATION_PREFERS_STRING_CATALOGS = YES;
				MTL_ENABLE_DEBUG_INFO = NO;
				MTL_FAST_MATH = YES;
				SDKROOT = iphoneos;
				SWIFT_COMPILATION_MODE = wholemodule;
				VALIDATE_PRODUCT = YES;
			};
			name = Release;
		};
		EF51FBBB2C670BF300FE0A63 /* Debug */ = {
			isa = XCBuildConfiguration;
			buildSettings = {
				ASSETCATALOG_COMPILER_APPICON_NAME = AppIcon;
				ASSETCATALOG_COMPILER_GLOBAL_ACCENT_COLOR_NAME = AccentColor;
				CODE_SIGN_STYLE = Automatic;
				CURRENT_PROJECT_VERSION = 1;
				DEVELOPMENT_ASSET_PATHS = "\"AirbnbClone-IOS/Preview Content\"";
				DEVELOPMENT_TEAM = 64CRH9PBN9;
				ENABLE_PREVIEWS = YES;
				GENERATE_INFOPLIST_FILE = YES;
				INFOPLIST_KEY_UIApplicationSceneManifest_Generation = YES;
				INFOPLIST_KEY_UIApplicationSupportsIndirectInputEvents = YES;
				INFOPLIST_KEY_UILaunchScreen_Generation = YES;
				INFOPLIST_KEY_UISupportedInterfaceOrientations_iPad = "UIInterfaceOrientationPortrait UIInterfaceOrientationPortraitUpsideDown UIInterfaceOrientationLandscapeLeft UIInterfaceOrientationLandscapeRight";
				INFOPLIST_KEY_UISupportedInterfaceOrientations_iPhone = "UIInterfaceOrientationPortrait UIInterfaceOrientationLandscapeLeft UIInterfaceOrientationLandscapeRight";
				LD_RUNPATH_SEARCH_PATHS = (
					"$(inherited)",
					"@executable_path/Frameworks",
				);
				MARKETING_VERSION = 1.0;
				PRODUCT_BUNDLE_IDENTIFIER = "com.fabian.AirbnbClone-IOS";
				PRODUCT_NAME = "$(TARGET_NAME)";
				SWIFT_EMIT_LOC_STRINGS = YES;
				SWIFT_VERSION = 5.0;
				TARGETED_DEVICE_FAMILY = "1,2";
			};
			name = Debug;
		};
		EF51FBBC2C670BF300FE0A63 /* Release */ = {
			isa = XCBuildConfiguration;
			buildSettings = {
				ASSETCATALOG_COMPILER_APPICON_NAME = AppIcon;
				ASSETCATALOG_COMPILER_GLOBAL_ACCENT_COLOR_NAME = AccentColor;
				CODE_SIGN_STYLE = Automatic;
				CURRENT_PROJECT_VERSION = 1;
				DEVELOPMENT_ASSET_PATHS = "\"AirbnbClone-IOS/Preview Content\"";
				DEVELOPMENT_TEAM = 64CRH9PBN9;
				ENABLE_PREVIEWS = YES;
				GENERATE_INFOPLIST_FILE = YES;
				INFOPLIST_KEY_UIApplicationSceneManifest_Generation = YES;
				INFOPLIST_KEY_UIApplicationSupportsIndirectInputEvents = YES;
				INFOPLIST_KEY_UILaunchScreen_Generation = YES;
				INFOPLIST_KEY_UISupportedInterfaceOrientations_iPad = "UIInterfaceOrientationPortrait UIInterfaceOrientationPortraitUpsideDown UIInterfaceOrientationLandscapeLeft UIInterfaceOrientationLandscapeRight";
				INFOPLIST_KEY_UISupportedInterfaceOrientations_iPhone = "UIInterfaceOrientationPortrait UIInterfaceOrientationLandscapeLeft UIInterfaceOrientationLandscapeRight";
				LD_RUNPATH_SEARCH_PATHS = (
					"$(inherited)",
					"@executable_path/Frameworks",
				);
				MARKETING_VERSION = 1.0;
				PRODUCT_BUNDLE_IDENTIFIER = "com.fabian.AirbnbClone-IOS";
				PRODUCT_NAME = "$(TARGET_NAME)";
				SWIFT_EMIT_LOC_STRINGS = YES;
				SWIFT_VERSION = 5.0;
				TARGETED_DEVICE_FAMILY = "1,2";
			};
			name = Release;
		};
/* End XCBuildConfiguration section */

/* Begin XCConfigurationList section */
		EF51FBA72C670BF200FE0A63 /* Build configuration list for PBXProject "AirbnbClone-IOS" */ = {
			isa = XCConfigurationList;
			buildConfigurations = (
				EF51FBB82C670BF300FE0A63 /* Debug */,
				EF51FBB92C670BF300FE0A63 /* Release */,
			);
			defaultConfigurationIsVisible = 0;
			defaultConfigurationName = Release;
		};
		EF51FBBA2C670BF300FE0A63 /* Build configuration list for PBXNativeTarget "AirbnbClone-IOS" */ = {
			isa = XCConfigurationList;
			buildConfigurations = (
				EF51FBBB2C670BF300FE0A63 /* Debug */,
				EF51FBBC2C670BF300FE0A63 /* Release */,
			);
			defaultConfigurationIsVisible = 0;
			defaultConfigurationName = Release;
		};
/* End XCConfigurationList section */
	};
	rootObject = EF51FBA42C670BF200FE0A63 /* Project object */;
}
